
Microsoft Visual Studio Solution File, Format Version 12.00
# Visual Studio Version 17
VisualStudioVersion = 17.14.37710.0 d17.14
MinimumVisualStudioVersion = 10.0.40219.1
Project("{FAE04EC0-301F-11D3-BF4B-00C04F79EFBC}") = "SignalRChatAPI", "SignalRChatAPI\SignalRChatAPI.csproj", "{9AA404D9-2DD1-4901-AF03-37BDABE841D6}"
EndProject
Project("{FAE04EC0-301F-11D3-BF4B-00C04F79EFBC}") = "SignalRChatClient", "SignalRChatClient\SignalRChatClient.csproj", "{37D51BB7-9D2F-485F-9BBE-D5B8443A48A9}"
EndProject
Global
	GlobalSection(SolutionConfigurationPlatforms) = preSolution
		Debug|Any CPU = Debug|Any CPU
		Release|Any CPU = Release|Any CPU
	EndGlobalSection
	GlobalSection(ProjectConfigurationPlatforms) = postSolution
		{9AA404D9-2DD1-4901-AF03-37BDABE841D6}.Debug|Any CPU.ActiveCfg = Debug|Any CPU
		{9AA404D9-2DD1-4901-AF03-37BDABE841D6}.Debug|Any CPU.Build.0 = Debug|Any CPU
		{9AA404D9-2DD1-4901-AF03-37BDABE841D6}.Release|Any CPU.ActiveCfg = Release|Any CPU
		{9AA404D9-2DD1-4901-AF03-37BDABE841D6}.Release|Any CPU.Build.0 = Release|Any CPU
		{37D51BB7-9D2F-485F-9BBE-D5B8443A48A9}.Debug|Any CPU.ActiveCfg = Debug|Any CPU
		{37D51BB7-9D2F-485F-9BBE-D5B8443A48A9}.Debug|Any CPU.Build.0 = Debug|Any CPU
		{37D51BB7-9D2F-485F-9BBE-D5B8443A48A9}.Release|Any CPU.ActiveCfg = Release|Any CPU
		{37D51BB7-9D2F-485F-9BBE-D5B8443A48A9}.Release|Any CPU.Build.0 = Release|Any CPU
	EndGlobalSection
	GlobalSection(SolutionProperties) = preSolution
		HideSolutionNode = FALSE
	EndGlobalSection
	GlobalSection(ExtensibilityGlobals) = postSolution
		SolutionGuid = {6E0AE798-511F-4A35-A7B5-F88DC1EB3415}
	EndGlobalSection
EndGlobal
